
Microsoft Visual Studio Solution File, Format Version 12.00
# Visual Studio 15
VisualStudioVersion = 15.0.26228.4
MinimumVisualStudioVersion = 10.0.40219.1
Project("{FAE04EC0-301F-11D3-BF4B-00C04F79EFBC}") = "Respawn", "Respawn\Respawn.csproj", "{A326B923-6CAB-48C7-82C7-8BB6780E2479}"
EndProject
Project("{FAE04EC0-301F-11D3-BF4B-00C04F79EFBC}") = "Respawn.Tests", "Respawn.Tests\Respawn.Tests.csproj", "{191BFC5B-9739-4EF0-A6EC-FE70621B7E31}"
EndProject
Project("{2150E333-8FDC-42A3-9474-1A3956D46DE8}") = "Solution Items", "Solution Items", "{59BF5D5B-A629-4F12-8003-C0128A957E88}"
	ProjectSection(SolutionItems) = preProject
		appveyor.yml = appveyor.yml
		Build.ps1 = Build.ps1
	EndProjectSection
EndProject
Global
	GlobalSection(SolutionConfigurationPlatforms) = preSolution
		Debug|Any CPU = Debug|Any CPU
		Release|Any CPU = Release|Any CPU
	EndGlobalSection
	GlobalSection(ProjectConfigurationPlatforms) = postSolution
		{A326B923-6CAB-48C7-82C7-8BB6780E2479}.Debug|Any CPU.ActiveCfg = Debug|Any CPU
		{A326B923-6CAB-48C7-82C7-8BB6780E2479}.Debug|Any CPU.Build.0 = Debug|Any CPU
		{A326B923-6CAB-48C7-82C7-8BB6780E2479}.Release|Any CPU.ActiveCfg = Release|Any CPU
		{A326B923-6CAB-48C7-82C7-8BB6780E2479}.Release|Any CPU.Build.0 = Release|Any CPU
		{191BFC5B-9739-4EF0-A6EC-FE70621B7E31}.Debug|Any CPU.ActiveCfg = Debug|Any CPU
		{191BFC5B-9739-4EF0-A6EC-FE70621B7E31}.Debug|Any CPU.Build.0 = Debug|Any CPU
		{191BFC5B-9739-4EF0-A6EC-FE70621B7E31}.Release|Any CPU.ActiveCfg = Release|Any CPU
		{191BFC5B-9739-4EF0-A6EC-FE70621B7E31}.Release|Any CPU.Build.0 = Release|Any CPU
	EndGlobalSection
	GlobalSection(SolutionProperties) = preSolution
		HideSolutionNode = FALSE
	EndGlobalSection
EndGlobal
